
Microsoft Visual Studio Solution File, Format Version 12.00
# Visual Studio 15
VisualStudioVersion = 15.0.28307.421
MinimumVisualStudioVersion = 10.0.40219.1
Project("{FAE04EC0-301F-11D3-BF4B-00C04F79EFBC}") = "MyFirstApp", "MyFirstApp\MyFirstApp.csproj", "{3D1464EE-6337-4A23-8DD8-509371754EB8}"
EndProject
Global
	GlobalSection(SolutionConfigurationPlatforms) = preSolution
		Debug|Any CPU = Debug|Any CPU
		Release|Any CPU = Release|Any CPU
	EndGlobalSection
	GlobalSection(ProjectConfigurationPlatforms) = postSolution
		{3D1464EE-6337-4A23-8DD8-509371754EB8}.Debug|Any CPU.ActiveCfg = Debug|Any CPU
		{3D1464EE-6337-4A23-8DD8-509371754EB8}.Debug|Any CPU.Build.0 = Debug|Any CPU
		{3D1464EE-6337-4A23-8DD8-509371754EB8}.Release|Any CPU.ActiveCfg = Release|Any CPU
		{3D1464EE-6337-4A23-8DD8-509371754EB8}.Release|Any CPU.Build.0 = Release|Any CPU
	EndGlobalSection
	GlobalSection(SolutionProperties) = preSolution
		HideSolutionNode = FALSE
	EndGlobalSection
	GlobalSection(ExtensibilityGlobals) = postSolution
		SolutionGuid = {45F79B85-8416-47A3-9425-846F9AFC3138}
	EndGlobalSection
EndGlobal
