
Microsoft Visual Studio Solution File, Format Version 12.00
# Visual Studio 15
VisualStudioVersion = 15.0.28307.421
MinimumVisualStudioVersion = 10.0.40219.1
Project("{FAE04EC0-301F-11D3-BF4B-00C04F79EFBC}") = "Counter", "Counter\Counter.csproj", "{033FDF01-59A3-4F12-BC03-46578BB8EF8A}"
EndProject
Global
	GlobalSection(SolutionConfigurationPlatforms) = preSolution
		Debug|Any CPU = Debug|Any CPU
		Release|Any CPU = Release|Any CPU
	EndGlobalSection
	GlobalSection(ProjectConfigurationPlatforms) = postSolution
		{033FDF01-59A3-4F12-BC03-46578BB8EF8A}.Debug|Any CPU.ActiveCfg = Debug|Any CPU
		{033FDF01-59A3-4F12-BC03-46578BB8EF8A}.Debug|Any CPU.Build.0 = Debug|Any CPU
		{033FDF01-59A3-4F12-BC03-46578BB8EF8A}.Release|Any CPU.ActiveCfg = Release|Any CPU
		{033FDF01-59A3-4F12-BC03-46578BB8EF8A}.Release|Any CPU.Build.0 = Release|Any CPU
	EndGlobalSection
	GlobalSection(SolutionProperties) = preSolution
		HideSolutionNode = FALSE
	EndGlobalSection
	GlobalSection(ExtensibilityGlobals) = postSolution
		SolutionGuid = {8C6DA8C7-284E-48D1-9388-A0F3AA76781C}
	EndGlobalSection
EndGlobal
